// !$*UTF8*$!
{
	archiveVersion = 1;
	classes = {
	};
	objectVersion = 56;
	objects = {

/* Begin PBXBuildFile section */
		4E56F569292D452100171C08 /* RestartApp.swift in Sources */ = {isa = PBXBuildFile; fileRef = 4E56F568292D452100171C08 /* RestartApp.swift */; };
		4E56F56B292D452100171C08 /* ContentView.swift in Sources */ = {isa = PBXBuildFile; fileRef = 4E56F56A292D452100171C08 /* ContentView.swift */; };
		4E56F56D292D452300171C08 /* Assets.xcassets in Resources */ = {isa = PBXBuildFile; fileRef = 4E56F56C292D452300171C08 /* Assets.xcassets */; };
		4E56F570292D452300171C08 /* Preview Assets.xcassets in Resources */ = {isa = PBXBuildFile; fileRef = 4E56F56F292D452300171C08 /* Preview Assets.xcassets */; };
		4E56F57A292D452300171C08 /* RestartTests.swift in Sources */ = {isa = PBXBuildFile; fileRef = 4E56F579292D452300171C08 /* RestartTests.swift */; };
		4E56F584292D452300171C08 /* RestartUITests.swift in Sources */ = {isa = PBXBuildFile; fileRef = 4E56F583292D452300171C08 /* RestartUITests.swift */; };
		4E56F586292D452300171C08 /* RestartUITestsLaunchTests.swift in Sources */ = {isa = PBXBuildFile; fileRef = 4E56F585292D452300171C08 /* RestartUITestsLaunchTests.swift */; };
		4E56F594292D466000171C08 /* success.m4a in Resources */ = {isa = PBXBuildFile; fileRef = 4E56F592292D466000171C08 /* success.m4a */; };
		4E56F595292D466000171C08 /* chimeup.mp3 in Resources */ = {isa = PBXBuildFile; fileRef = 4E56F593292D466000171C08 /* chimeup.mp3 */; };
		4E56F59C292D4BD900171C08 /* OnBoardingView.swift in Sources */ = {isa = PBXBuildFile; fileRef = 4E56F59B292D4BD900171C08 /* OnBoardingView.swift */; };
		4E56F59E292D4BEE00171C08 /* HomeView.swift in Sources */ = {isa = PBXBuildFile; fileRef = 4E56F59D292D4BEE00171C08 /* HomeView.swift */; };
		4E56F5A0292E21CF00171C08 /* CircleGroupView.swift in Sources */ = {isa = PBXBuildFile; fileRef = 4E56F59F292E21CF00171C08 /* CircleGroupView.swift */; };
		4E8A386B292E912600A23A05 /* AudioPlayer.swift in Sources */ = {isa = PBXBuildFile; fileRef = 4E8A386A292E912600A23A05 /* AudioPlayer.swift */; };
/* End PBXBuildFile section */

/* Begin PBXContainerItemProxy section */
		4E56F576292D452300171C08 /* PBXContainerItemProxy */ = {
			isa = PBXContainerItemProxy;
			containerPortal = 4E56F55D292D452100171C08 /* Project object */;
			proxyType = 1;
			remoteGlobalIDString = 4E56F564292D452100171C08;
			remoteInfo = Restart;
		};
		4E56F580292D452300171C08 /* PBXContainerItemProxy */ = {
			isa = PBXContainerItemProxy;
			containerPortal = 4E56F55D292D452100171C08 /* Project object */;
			proxyType = 1;
			remoteGlobalIDString = 4E56F564292D452100171C08;
			remoteInfo = Restart;
		};
/* End PBXContainerItemProxy section */

/* Begin PBXFileReference section */
		4E56F565292D452100171C08 /* Restart.app */ = {isa = PBXFileReference; explicitFileType = wrapper.application; includeInIndex = 0; path = Restart.app; sourceTree = BUILT_PRODUCTS_DIR; };
		4E56F568292D452100171C08 /* RestartApp.swift */ = {isa = PBXFileReference; lastKnownFileType = sourcecode.swift; path = RestartApp.swift; sourceTree = "<group>"; };
		4E56F56A292D452100171C08 /* ContentView.swift */ = {isa = PBXFileReference; lastKnownFileType = sourcecode.swift; path = ContentView.swift; sourceTree = "<group>"; };
		4E56F56C292D452300171C08 /* Assets.xcassets */ = {isa = PBXFileReference; lastKnownFileType = folder.assetcatalog; path = Assets.xcassets; sourceTree = "<group>"; };
		4E56F56F292D452300171C08 /* Preview Assets.xcassets */ = {isa = PBXFileReference; lastKnownFileType = folder.assetcatalog; path = "Preview Assets.xcassets"; sourceTree = "<group>"; };
		4E56F575292D452300171C08 /* RestartTests.xctest */ = {isa = PBXFileReference; explicitFileType = wrapper.cfbundle; includeInIndex = 0; path = RestartTests.xctest; sourceTree = BUILT_PRODUCTS_DIR; };
		4E56F579292D452300171C08 /* RestartTests.swift */ = {isa = PBXFileReference; lastKnownFileType = sourcecode.swift; path = RestartTests.swift; sourceTree = "<group>"; };
		4E56F57F292D452300171C08 /* RestartUITests.xctest */ = {isa = PBXFileReference; explicitFileType = wrapper.cfbundle; includeInIndex = 0; path = RestartUITests.xctest; sourceTree = BUILT_PRODUCTS_DIR; };
		4E56F583292D452300171C08 /* RestartUITests.swift */ = {isa = PBXFileReference; lastKnownFileType = sourcecode.swift; path = RestartUITests.swift; sourceTree = "<group>"; };
		4E56F585292D452300171C08 /* RestartUITestsLaunchTests.swift */ = {isa = PBXFileReference; lastKnownFileType = sourcecode.swift; path = RestartUITestsLaunchTests.swift; sourceTree = "<group>"; };
		4E56F592292D466000171C08 /* success.m4a */ = {isa = PBXFileReference; lastKnownFileType = file; path = success.m4a; sourceTree = "<group>"; };
		4E56F593292D466000171C08 /* chimeup.mp3 */ = {isa = PBXFileReference; lastKnownFileType = audio.mp3; path = chimeup.mp3; sourceTree = "<group>"; };
		4E56F59A292D4B4C00171C08 /* Info.plist */ = {isa = PBXFileReference; lastKnownFileType = text.plist; path = Info.plist; sourceTree = "<group>"; };
		4E56F59B292D4BD900171C08 /* OnBoardingView.swift */ = {isa = PBXFileReference; lastKnownFileType = sourcecode.swift; path = OnBoardingView.swift; sourceTree = "<group>"; };
		4E56F59D292D4BEE00171C08 /* HomeView.swift */ = {isa = PBXFileReference; lastKnownFileType = sourcecode.swift; path = HomeView.swift; sourceTree = "<group>"; };
		4E56F59F292E21CF00171C08 /* CircleGroupView.swift */ = {isa = PBXFileReference; lastKnownFileType = sourcecode.swift; path = CircleGroupView.swift; sourceTree = "<group>"; };
		4E8A386A292E912600A23A05 /* AudioPlayer.swift */ = {isa = PBXFileReference; lastKnownFileType = sourcecode.swift; path = AudioPlayer.swift; sourceTree = "<group>"; };
/* End PBXFileReference section */

/* Begin PBXFrameworksBuildPhase section */
		4E56F562292D452100171C08 /* Frameworks */ = {
			isa = PBXFrameworksBuildPhase;
			buildActionMask = 2147483647;
			files = (
			);
			runOnlyForDeploymentPostprocessing = 0;
		};
		4E56F572292D452300171C08 /* Frameworks */ = {
			isa = PBXFrameworksBuildPhase;
			buildActionMask = 2147483647;
			files = (
			);
			runOnlyForDeploymentPostprocessing = 0;
		};
		4E56F57C292D452300171C08 /* Frameworks */ = {
			isa = PBXFrameworksBuildPhase;
			buildActionMask = 2147483647;
			files = (
			);
			runOnlyForDeploymentPostprocessing = 0;
		};
/* End PBXFrameworksBuildPhase section */

/* Begin PBXGroup section */
		4E56F55C292D452100171C08 = {
			isa = PBXGroup;
			children = (
				4E56F567292D452100171C08 /* Restart */,
				4E56F578292D452300171C08 /* RestartTests */,
				4E56F582292D452300171C08 /* RestartUITests */,
				4E56F566292D452100171C08 /* Products */,
			);
			sourceTree = "<group>";
			usesTabs = 0;
		};
		4E56F566292D452100171C08 /* Products */ = {
			isa = PBXGroup;
			children = (
				4E56F565292D452100171C08 /* Restart.app */,
				4E56F575292D452300171C08 /* RestartTests.xctest */,
				4E56F57F292D452300171C08 /* RestartUITests.xctest */,
			);
			name = Products;
			sourceTree = "<group>";
		};
		4E56F567292D452100171C08 /* Restart */ = {
			isa = PBXGroup;
			children = (
				4E56F59A292D4B4C00171C08 /* Info.plist */,
				4E56F599292D49FF00171C08 /* Utilities */,
				4E56F598292D49E200171C08 /* Views */,
				4E56F596292D468D00171C08 /* Sounds */,
				4E56F568292D452100171C08 /* RestartApp.swift */,
				4E56F597292D499400171C08 /* Screens */,
				4E56F56C292D452300171C08 /* Assets.xcassets */,
				4E56F56E292D452300171C08 /* Preview Content */,
			);
			path = Restart;
			sourceTree = "<group>";
		};
		4E56F56E292D452300171C08 /* Preview Content */ = {
			isa = PBXGroup;
			children = (
				4E56F56F292D452300171C08 /* Preview Assets.xcassets */,
			);
			path = "Preview Content";
			sourceTree = "<group>";
		};
		4E56F578292D452300171C08 /* RestartTests */ = {
			isa = PBXGroup;
			children = (
				4E56F579292D452300171C08 /* RestartTests.swift */,
			);
			path = RestartTests;
			sourceTree = "<group>";
		};
		4E56F582292D452300171C08 /* RestartUITests */ = {
			isa = PBXGroup;
			children = (
				4E56F583292D452300171C08 /* RestartUITests.swift */,
				4E56F585292D452300171C08 /* RestartUITestsLaunchTests.swift */,
			);
			path = RestartUITests;
			sourceTree = "<group>";
		};
		4E56F596292D468D00171C08 /* Sounds */ = {
			isa = PBXGroup;
			children = (
				4E56F593292D466000171C08 /* chimeup.mp3 */,
				4E56F592292D466000171C08 /* success.m4a */,
			);
			path = Sounds;
			sourceTree = "<group>";
		};
		4E56F597292D499400171C08 /* Screens */ = {
			isa = PBXGroup;
			children = (
				4E56F56A292D452100171C08 /* ContentView.swift */,
				4E56F59B292D4BD900171C08 /* OnBoardingView.swift */,
				4E56F59D292D4BEE00171C08 /* HomeView.swift */,
			);
			path = Screens;
			sourceTree = "<group>";
		};
		4E56F598292D49E200171C08 /* Views */ = {
			isa = PBXGroup;
			children = (
				4E56F59F292E21CF00171C08 /* CircleGroupView.swift */,
			);
			path = Views;
			sourceTree = "<group>";
		};
		4E56F599292D49FF00171C08 /* Utilities */ = {
			isa = PBXGroup;
			children = (
				4E8A386A292E912600A23A05 /* AudioPlayer.swift */,
			);
			path = Utilities;
			sourceTree = "<group>";
		};
/* End PBXGroup section */

/* Begin PBXNativeTarget section */
		4E56F564292D452100171C08 /* Restart */ = {
			isa = PBXNativeTarget;
			buildConfigurationList = 4E56F589292D452300171C08 /* Build configuration list for PBXNativeTarget "Restart" */;
			buildPhases = (
				4E56F561292D452100171C08 /* Sources */,
				4E56F562292D452100171C08 /* Frameworks */,
				4E56F563292D452100171C08 /* Resources */,
			);
			buildRules = (
			);
			dependencies = (
			);
			name = Restart;
			productName = Restart;
			productReference = 4E56F565292D452100171C08 /* Restart.app */;
			productType = "com.apple.product-type.application";
		};
		4E56F574292D452300171C08 /* RestartTests */ = {
			isa = PBXNativeTarget;
			buildConfigurationList = 4E56F58C292D452300171C08 /* Build configuration list for PBXNativeTarget "RestartTests" */;
			buildPhases = (
				4E56F571292D452300171C08 /* Sources */,
				4E56F572292D452300171C08 /* Frameworks */,
				4E56F573292D452300171C08 /* Resources */,
			);
			buildRules = (
			);
			dependencies = (
				4E56F577292D452300171C08 /* PBXTargetDependency */,
			);
			name = RestartTests;
			productName = RestartTests;
			productReference = 4E56F575292D452300171C08 /* RestartTests.xctest */;
			productType = "com.apple.product-type.bundle.unit-test";
		};
		4E56F57E292D452300171C08 /* RestartUITests */ = {
			isa = PBXNativeTarget;
			buildConfigurationList = 4E56F58F292D452300171C08 /* Build configuration list for PBXNativeTarget "RestartUITests" */;
			buildPhases = (
				4E56F57B292D452300171C08 /* Sources */,
				4E56F57C292D452300171C08 /* Frameworks */,
				4E56F57D292D452300171C08 /* Resources */,
			);
			buildRules = (
			);
			dependencies = (
				4E56F581292D452300171C08 /* PBXTargetDependency */,
			);
			name = RestartUITests;
			productName = RestartUITests;
			productReference = 4E56F57F292D452300171C08 /* RestartUITests.xctest */;
			productType = "com.apple.product-type.bundle.ui-testing";
		};
/* End PBXNativeTarget section */

/* Begin PBXProject section */
		4E56F55D292D452100171C08 /* Project object */ = {
			isa = PBXProject;
			attributes = {
				BuildIndependentTargetsInParallel = 1;
				LastSwiftUpdateCheck = 1410;
				LastUpgradeCheck = 1410;
				TargetAttributes = {
					4E56F564292D452100171C08 = {
						CreatedOnToolsVersion = 14.1;
					};
					4E56F574292D452300171C08 = {
						CreatedOnToolsVersion = 14.1;
						TestTargetID = 4E56F564292D452100171C08;
					};
					4E56F57E292D452300171C08 = {
						CreatedOnToolsVersion = 14.1;
						TestTargetID = 4E56F564292D452100171C08;
					};
				};
			};
			buildConfigurationList = 4E56F560292D452100171C08 /* Build configuration list for PBXProject "Restart" */;
			compatibilityVersion = "Xcode 14.0";
			developmentRegion = en;
			hasScannedForEncodings = 0;
			knownRegions = (
				en,
				Base,
			);
			mainGroup = 4E56F55C292D452100171C08;
			productRefGroup = 4E56F566292D452100171C08 /* Products */;
			projectDirPath = "";
			projectRoot = "";
			targets = (
				4E56F564292D452100171C08 /* Restart */,
				4E56F574292D452300171C08 /* RestartTests */,
				4E56F57E292D452300171C08 /* RestartUITests */,
			);
		};
/* End PBXProject section */

/* Begin PBXResourcesBuildPhase section */
		4E56F563292D452100171C08 /* Resources */ = {
			isa = PBXResourcesBuildPhase;
			buildActionMask = 2147483647;
			files = (
				4E56F595292D466000171C08 /* chimeup.mp3 in Resources */,
				4E56F570292D452300171C08 /* Preview Assets.xcassets in Resources */,
				4E56F594292D466000171C08 /* success.m4a in Resources */,
				4E56F56D292D452300171C08 /* Assets.xcassets in Resources */,
			);
			runOnlyForDeploymentPostprocessing = 0;
		};
		4E56F573292D452300171C08 /* Resources */ = {
			isa = PBXResourcesBuildPhase;
			buildActionMask = 2147483647;
			files = (
			);
			runOnlyForDeploymentPostprocessing = 0;
		};
		4E56F57D292D452300171C08 /* Resources */ = {
			isa = PBXResourcesBuildPhase;
			buildActionMask = 2147483647;
			files = (
			);
			runOnlyForDeploymentPostprocessing = 0;
		};
/* End PBXResourcesBuildPhase section */

/* Begin PBXSourcesBuildPhase section */
		4E56F561292D452100171C08 /* Sources */ = {
			isa = PBXSourcesBuildPhase;
			buildActionMask = 2147483647;
			files = (
				4E56F5A0292E21CF00171C08 /* CircleGroupView.swift in Sources */,
				4E56F59C292D4BD900171C08 /* OnBoardingView.swift in Sources */,
				4E56F59E292D4BEE00171C08 /* HomeView.swift in Sources */,
				4E56F56B292D452100171C08 /* ContentView.swift in Sources */,
				4E56F569292D452100171C08 /* RestartApp.swift in Sources */,
				4E8A386B292E912600A23A05 /* AudioPlayer.swift in Sources */,
			);
			runOnlyForDeploymentPostprocessing = 0;
		};
		4E56F571292D452300171C08 /* Sources */ = {
			isa = PBXSourcesBuildPhase;
			buildActionMask = 2147483647;
			files = (
				4E56F57A292D452300171C08 /* RestartTests.swift in Sources */,
			);
			runOnlyForDeploymentPostprocessing = 0;
		};
		4E56F57B292D452300171C08 /* Sources */ = {
			isa = PBXSourcesBuildPhase;
			buildActionMask = 2147483647;
			files = (
				4E56F586292D452300171C08 /* RestartUITestsLaunchTests.swift in Sources */,
				4E56F584292D452300171C08 /* RestartUITests.swift in Sources */,
			);
			runOnlyForDeploymentPostprocessing = 0;
		};
/* End PBXSourcesBuildPhase section */

/* Begin PBXTargetDependency section */
		4E56F577292D452300171C08 /* PBXTargetDependency */ = {
			isa = PBXTargetDependency;
			target = 4E56F564292D452100171C08 /* Restart */;
			targetProxy = 4E56F576292D452300171C08 /* PBXContainerItemProxy */;
		};
		4E56F581292D452300171C08 /* PBXTargetDependency */ = {
			isa = PBXTargetDependency;
			target = 4E56F564292D452100171C08 /* Restart */;
			targetProxy = 4E56F580292D452300171C08 /* PBXContainerItemProxy */;
		};
/* End PBXTargetDependency section */

/* Begin XCBuildConfiguration section */
		4E56F587292D452300171C08 /* Debug */ = {
			isa = XCBuildConfiguration;
			buildSettings = {
				ALWAYS_SEARCH_USER_PATHS = NO;
				CLANG_ANALYZER_NONNULL = YES;
				CLANG_ANALYZER_NUMBER_OBJECT_CONVERSION = YES_AGGRESSIVE;
				CLANG_CXX_LANGUAGE_STANDARD = "gnu++20";
				CLANG_ENABLE_MODULES = YES;
				CLANG_ENABLE_OBJC_ARC = YES;
				CLANG_ENABLE_OBJC_WEAK = YES;
				CLANG_WARN_BLOCK_CAPTURE_AUTORELEASING = YES;
				CLANG_WARN_BOOL_CONVERSION = YES;
				CLANG_WARN_COMMA = YES;
				CLANG_WARN_CONSTANT_CONVERSION = YES;
				CLANG_WARN_DEPRECATED_OBJC_IMPLEMENTATIONS = YES;
				CLANG_WARN_DIRECT_OBJC_ISA_USAGE = YES_ERROR;
				CLANG_WARN_DOCUMENTATION_COMMENTS = YES;
				CLANG_WARN_EMPTY_BODY = YES;
				CLANG_WARN_ENUM_CONVERSION = YES;
				CLANG_WARN_INFINITE_RECURSION = YES;
				CLANG_WARN_INT_CONVERSION = YES;
				CLANG_WARN_NON_LITERAL_NULL_CONVERSION = YES;
				CLANG_WARN_OBJC_IMPLICIT_RETAIN_SELF = YES;
				CLANG_WARN_OBJC_LITERAL_CONVERSION = YES;
				CLANG_WARN_OBJC_ROOT_CLASS = YES_ERROR;
				CLANG_WARN_QUOTED_INCLUDE_IN_FRAMEWORK_HEADER = YES;
				CLANG_WARN_RANGE_LOOP_ANALYSIS = YES;
				CLANG_WARN_STRICT_PROTOTYPES = YES;
				CLANG_WARN_SUSPICIOUS_MOVE = YES;
				CLANG_WARN_UNGUARDED_AVAILABILITY = YES_AGGRESSIVE;
				CLANG_WARN_UNREACHABLE_CODE = YES;
				CLANG_WARN__DUPLICATE_METHOD_MATCH = YES;
				COPY_PHASE_STRIP = NO;
				DEBUG_INFORMATION_FORMAT = dwarf;
				ENABLE_STRICT_OBJC_MSGSEND = YES;
				ENABLE_TESTABILITY = YES;
				GCC_C_LANGUAGE_STANDARD = gnu11;
				GCC_DYNAMIC_NO_PIC = NO;
				GCC_NO_COMMON_BLOCKS = YES;
				GCC_OPTIMIZATION_LEVEL = 0;
				GCC_PREPROCESSOR_DEFINITIONS = (
					"DEBUG=1",
					"$(inherited)",
				);
				GCC_WARN_64_TO_32_BIT_CONVERSION = YES;
				GCC_WARN_ABOUT_RETURN_TYPE = YES_ERROR;
				GCC_WARN_UNDECLARED_SELECTOR = YES;
				GCC_WARN_UNINITIALIZED_AUTOS = YES_AGGRESSIVE;
				GCC_WARN_UNUSED_FUNCTION = YES;
				GCC_WARN_UNUSED_VARIABLE = YES;
				IPHONEOS_DEPLOYMENT_TARGET = 16.1;
				MTL_ENABLE_DEBUG_INFO = INCLUDE_SOURCE;
				MTL_FAST_MATH = YES;
				ONLY_ACTIVE_ARCH = YES;
				SDKROOT = iphoneos;
				SWIFT_ACTIVE_COMPILATION_CONDITIONS = DEBUG;
				SWIFT_OPTIMIZATION_LEVEL = "-Onone";
			};
			name = Debug;
		};
		4E56F588292D452300171C08 /* Release */ = {
			isa = XCBuildConfiguration;
			buildSettings = {
				ALWAYS_SEARCH_USER_PATHS = NO;
				CLANG_ANALYZER_NONNULL = YES;
				CLANG_ANALYZER_NUMBER_OBJECT_CONVERSION = YES_AGGRESSIVE;
				CLANG_CXX_LANGUAGE_STANDARD = "gnu++20";
				CLANG_ENABLE_MODULES = YES;
				CLANG_ENABLE_OBJC_ARC = YES;
				CLANG_ENABLE_OBJC_WEAK = YES;
				CLANG_WARN_BLOCK_CAPTURE_AUTORELEASING = YES;
				CLANG_WARN_BOOL_CONVERSION = YES;
				CLANG_WARN_COMMA = YES;
				CLANG_WARN_CONSTANT_CONVERSION = YES;
				CLANG_WARN_DEPRECATED_OBJC_IMPLEMENTATIONS = YES;
				CLANG_WARN_DIRECT_OBJC_ISA_USAGE = YES_ERROR;
				CLANG_WARN_DOCUMENTATION_COMMENTS = YES;
				CLANG_WARN_EMPTY_BODY = YES;
				CLANG_WARN_ENUM_CONVERSION = YES;
				CLANG_WARN_INFINITE_RECURSION = YES;
				CLANG_WARN_INT_CONVERSION = YES;
				CLANG_WARN_NON_LITERAL_NULL_CONVERSION = YES;
				CLANG_WARN_OBJC_IMPLICIT_RETAIN_SELF = YES;
				CLANG_WARN_OBJC_LITERAL_CONVERSION = YES;
				CLANG_WARN_OBJC_ROOT_CLASS = YES_ERROR;
				CLANG_WARN_QUOTED_INCLUDE_IN_FRAMEWORK_HEADER = YES;
				CLANG_WARN_RANGE_LOOP_ANALYSIS = YES;
				CLANG_WARN_STRICT_PROTOTYPES = YES;
				CLANG_WARN_SUSPICIOUS_MOVE = YES;
				CLANG_WARN_UNGUARDED_AVAILABILITY = YES_AGGRESSIVE;
				CLANG_WARN_UNREACHABLE_CODE = YES;
				CLANG_WARN__DUPLICATE_METHOD_MATCH = YES;
				COPY_PHASE_STRIP = NO;
				DEBUG_INFORMATION_FORMAT = "dwarf-with-dsym";
				ENABLE_NS_ASSERTIONS = NO;
				ENABLE_STRICT_OBJC_MSGSEND = YES;
				GCC_C_LANGUAGE_STANDARD = gnu11;
				GCC_NO_COMMON_BLOCKS = YES;
				GCC_WARN_64_TO_32_BIT_CONVERSION = YES;
				GCC_WARN_ABOUT_RETURN_TYPE = YES_ERROR;
				GCC_WARN_UNDECLARED_SELECTOR = YES;
				GCC_WARN_UNINITIALIZED_AUTOS = YES_AGGRESSIVE;
				GCC_WARN_UNUSED_FUNCTION = YES;
				GCC_WARN_UNUSED_VARIABLE = YES;
				IPHONEOS_DEPLOYMENT_TARGET = 16.1;
				MTL_ENABLE_DEBUG_INFO = NO;
				MTL_FAST_MATH = YES;
				SDKROOT = iphoneos;
				SWIFT_COMPILATION_MODE = wholemodule;
				SWIFT_OPTIMIZATION_LEVEL = "-O";
				VALIDATE_PRODUCT = YES;
			};
			name = Release;
		};
		4E56F58A292D452300171C08 /* Debug */ = {
			isa = XCBuildConfiguration;
			buildSettings = {
				ASSETCATALOG_COMPILER_APPICON_NAME = AppIcon;
				ASSETCATALOG_COMPILER_GLOBAL_ACCENT_COLOR_NAME = AccentColor;
				CODE_SIGN_STYLE = Automatic;
				CURRENT_PROJECT_VERSION = 1;
				DEVELOPMENT_ASSET_PATHS = "\"Restart/Preview Content\"";
				ENABLE_PREVIEWS = YES;
				GENERATE_INFOPLIST_FILE = YES;
				INFOPLIST_FILE = Restart/Info.plist;
				INFOPLIST_KEY_UIApplicationSceneManifest_Generation = YES;
				INFOPLIST_KEY_UIApplicationSupportsIndirectInputEvents = YES;
				INFOPLIST_KEY_UISupportedInterfaceOrientations = UIInterfaceOrientationPortrait;
				INFOPLIST_KEY_UISupportedInterfaceOrientations_iPad = "UIInterfaceOrientationLandscapeLeft UIInterfaceOrientationLandscapeRight UIInterfaceOrientationPortrait UIInterfaceOrientationPortraitUpsideDown";
				LD_RUNPATH_SEARCH_PATHS = (
					"$(inherited)",
					"@executable_path/Frameworks",
				);
				MARKETING_VERSION = 1.0;
				PRODUCT_BUNDLE_IDENTIFIER = "Yusuf-Berkay-Girgin.Restart";
				PRODUCT_NAME = "$(TARGET_NAME)";
				SWIFT_EMIT_LOC_STRINGS = YES;
				SWIFT_VERSION = 5.0;
				TARGETED_DEVICE_FAMILY = "1,2";
			};
			name = Debug;
		};
		4E56F58B292D452300171C08 /* Release */ = {
			isa = XCBuildConfiguration;
			buildSettings = {
				ASSETCATALOG_COMPILER_APPICON_NAME = AppIcon;
				ASSETCATALOG_COMPILER_GLOBAL_ACCENT_COLOR_NAME = AccentColor;
				CODE_SIGN_STYLE = Automatic;
				CURRENT_PROJECT_VERSION = 1;
				DEVELOPMENT_ASSET_PATHS = "\"Restart/Preview Content\"";
				ENABLE_PREVIEWS = YES;
				GENERATE_INFOPLIST_FILE = YES;
				INFOPLIST_FILE = Restart/Info.plist;
				INFOPLIST_KEY_UIApplicationSceneManifest_Generation = YES;
				INFOPLIST_KEY_UIApplicationSupportsIndirectInputEvents = YES;
				INFOPLIST_KEY_UISupportedInterfaceOrientations = UIInterfaceOrientationPortrait;
				INFOPLIST_KEY_UISupportedInterfaceOrientations_iPad = "UIInterfaceOrientationLandscapeLeft UIInterfaceOrientationLandscapeRight UIInterfaceOrientationPortrait UIInterfaceOrientationPortraitUpsideDown";
				LD_RUNPATH_SEARCH_PATHS = (
					"$(inherited)",
					"@executable_path/Frameworks",
				);
				MARKETING_VERSION = 1.0;
				PRODUCT_BUNDLE_IDENTIFIER = "Yusuf-Berkay-Girgin.Restart";
				PRODUCT_NAME = "$(TARGET_NAME)";
				SWIFT_EMIT_LOC_STRINGS = YES;
				SWIFT_VERSION = 5.0;
				TARGETED_DEVICE_FAMILY = "1,2";
			};
			name = Release;
		};
		4E56F58D292D452300171C08 /* Debug */ = {
			isa = XCBuildConfiguration;
			buildSettings = {
				ALWAYS_EMBED_SWIFT_STANDARD_LIBRARIES = YES;
				BUNDLE_LOADER = "$(TEST_HOST)";
				CODE_SIGN_STYLE = Automatic;
				CURRENT_PROJECT_VERSION = 1;
				GENERATE_INFOPLIST_FILE = YES;
				IPHONEOS_DEPLOYMENT_TARGET = 16.1;
				MARKETING_VERSION = 1.0;
				PRODUCT_BUNDLE_IDENTIFIER = "Yusuf-Berkay-Girgin.RestartTests";
				PRODUCT_NAME = "$(TARGET_NAME)";
				SWIFT_EMIT_LOC_STRINGS = NO;
				SWIFT_VERSION = 5.0;
				TARGETED_DEVICE_FAMILY = "1,2";
				TEST_HOST = "$(BUILT_PRODUCTS_DIR)/Restart.app/$(BUNDLE_EXECUTABLE_FOLDER_PATH)/Restart";
			};
			name = Debug;
		};
		4E56F58E292D452300171C08 /* Release */ = {
			isa = XCBuildConfiguration;
			buildSettings = {
				ALWAYS_EMBED_SWIFT_STANDARD_LIBRARIES = YES;
				BUNDLE_LOADER = "$(TEST_HOST)";
				CODE_SIGN_STYLE = Automatic;
				CURRENT_PROJECT_VERSION = 1;
				GENERATE_INFOPLIST_FILE = YES;
				IPHONEOS_DEPLOYMENT_TARGET = 16.1;
				MARKETING_VERSION = 1.0;
				PRODUCT_BUNDLE_IDENTIFIER = "Yusuf-Berkay-Girgin.RestartTests";
				PRODUCT_NAME = "$(TARGET_NAME)";
				SWIFT_EMIT_LOC_STRINGS = NO;
				SWIFT_VERSION = 5.0;
				TARGETED_DEVICE_FAMILY = "1,2";
				TEST_HOST = "$(BUILT_PRODUCTS_DIR)/Restart.app/$(BUNDLE_EXECUTABLE_FOLDER_PATH)/Restart";
			};
			name = Release;
		};
		4E56F590292D452300171C08 /* Debug */ = {
			isa = XCBuildConfiguration;
			buildSettings = {
				ALWAYS_EMBED_SWIFT_STANDARD_LIBRARIES = YES;
				CODE_SIGN_STYLE = Automatic;
				CURRENT_PROJECT_VERSION = 1;
				GENERATE_INFOPLIST_FILE = YES;
				MARKETING_VERSION = 1.0;
				PRODUCT_BUNDLE_IDENTIFIER = "Yusuf-Berkay-Girgin.RestartUITests";
				PRODUCT_NAME = "$(TARGET_NAME)";
				SWIFT_EMIT_LOC_STRINGS = NO;
				SWIFT_VERSION = 5.0;
				TARGETED_DEVICE_FAMILY = "1,2";
				TEST_TARGET_NAME = Restart;
			};
			name = Debug;
		};
		4E56F591292D452300171C08 /* Release */ = {
			isa = XCBuildConfiguration;
			buildSettings = {
				ALWAYS_EMBED_SWIFT_STANDARD_LIBRARIES = YES;
				CODE_SIGN_STYLE = Automatic;
				CURRENT_PROJECT_VERSION = 1;
				GENERATE_INFOPLIST_FILE = YES;
				MARKETING_VERSION = 1.0;
				PRODUCT_BUNDLE_IDENTIFIER = "Yusuf-Berkay-Girgin.RestartUITests";
				PRODUCT_NAME = "$(TARGET_NAME)";
				SWIFT_EMIT_LOC_STRINGS = NO;
				SWIFT_VERSION = 5.0;
				TARGETED_DEVICE_FAMILY = "1,2";
				TEST_TARGET_NAME = Restart;
			};
			name = Release;
		};
/* End XCBuildConfiguration section */

/* Begin XCConfigurationList section */
		4E56F560292D452100171C08 /* Build configuration list for PBXProject "Restart" */ = {
			isa = XCConfigurationList;
			buildConfigurations = (
				4E56F587292D452300171C08 /* Debug */,
				4E56F588292D452300171C08 /* Release */,
			);
			defaultConfigurationIsVisible = 0;
			defaultConfigurationName = Release;
		};
		4E56F589292D452300171C08 /* Build configuration list for PBXNativeTarget "Restart" */ = {
			isa = XCConfigurationList;
			buildConfigurations = (
				4E56F58A292D452300171C08 /* Debug */,
				4E56F58B292D452300171C08 /* Release */,
			);
			defaultConfigurationIsVisible = 0;
			defaultConfigurationName = Release;
		};
		4E56F58C292D452300171C08 /* Build configuration list for PBXNativeTarget "RestartTests" */ = {
			isa = XCConfigurationList;
			buildConfigurations = (
				4E56F58D292D452300171C08 /* Debug */,
				4E56F58E292D452300171C08 /* Release */,
			);
			defaultConfigurationIsVisible = 0;
			defaultConfigurationName = Release;
		};
		4E56F58F292D452300171C08 /* Build configuration list for PBXNativeTarget "RestartUITests" */ = {
			isa = XCConfigurationList;
			buildConfigurations = (
				4E56F590292D452300171C08 /* Debug */,
				4E56F591292D452300171C08 /* Release */,
			);
			defaultConfigurationIsVisible = 0;
			defaultConfigurationName = Release;
		};
/* End XCConfigurationList section */
	};
	rootObject = 4E56F55D292D452100171C08 /* Project object */;
}
